
Microsoft Visual Studio Solution File, Format Version 12.00
# Visual Studio Version 16
VisualStudioVersion = 16.0.29209.62
MinimumVisualStudioVersion = 10.0.40219.1
Project("{FAE04EC0-301F-11D3-BF4B-00C04F79EFBC}") = "CSharpAutoMapper", "CSharpAutoMapper\CSharpAutoMapper.csproj", "{276B4F07-1DDD-4B13-9AD1-92739288CA44}"
EndProject
Global
	GlobalSection(SolutionConfigurationPlatforms) = preSolution
		Debug|Any CPU = Debug|Any CPU
		Release|Any CPU = Release|Any CPU
	EndGlobalSection
	GlobalSection(ProjectConfigurationPlatforms) = postSolution
		{276B4F07-1DDD-4B13-9AD1-92739288CA44}.Debug|Any CPU.ActiveCfg = Debug|Any CPU
		{276B4F07-1DDD-4B13-9AD1-92739288CA44}.Debug|Any CPU.Build.0 = Debug|Any CPU
		{276B4F07-1DDD-4B13-9AD1-92739288CA44}.Release|Any CPU.ActiveCfg = Release|Any CPU
		{276B4F07-1DDD-4B13-9AD1-92739288CA44}.Release|Any CPU.Build.0 = Release|Any CPU
	EndGlobalSection
	GlobalSection(SolutionProperties) = preSolution
		HideSolutionNode = FALSE
	EndGlobalSection
	GlobalSection(ExtensibilityGlobals) = postSolution
		SolutionGuid = {50C14E4F-8C1E-44B3-AD02-9174CA9B7F73}
	EndGlobalSection
EndGlobal
